
Microsoft Visual Studio Solution File, Format Version 12.00
# Visual Studio Version 16
VisualStudioVersion = 16.0.29123.88
MinimumVisualStudioVersion = 10.0.40219.1
Project("{FAE04EC0-301F-11D3-BF4B-00C04F79EFBC}") = "SportsStore.WebUI", "SportsStore.WebUI\SportsStore.WebUI.csproj", "{992CF5E5-2DCA-4BA3-98D5-AE3245524967}"
EndProject
Project("{FAE04EC0-301F-11D3-BF4B-00C04F79EFBC}") = "SportsStore.UnitTests", "SportsStore.UnitTests\SportsStore.UnitTests.csproj", "{F034EFBE-A3F8-4E15-A586-29511894EEFB}"
EndProject
Project("{FAE04EC0-301F-11D3-BF4B-00C04F79EFBC}") = "SportsStore.Domain", "SportsStore.Domain\SportsStore.Domain.csproj", "{79A25838-7BB5-4671-A8DC-EA8BF41490D5}"
EndProject
Global
	GlobalSection(SolutionConfigurationPlatforms) = preSolution
		Debug|Any CPU = Debug|Any CPU
		Release|Any CPU = Release|Any CPU
	EndGlobalSection
	GlobalSection(ProjectConfigurationPlatforms) = postSolution
		{992CF5E5-2DCA-4BA3-98D5-AE3245524967}.Debug|Any CPU.ActiveCfg = Debug|Any CPU
		{992CF5E5-2DCA-4BA3-98D5-AE3245524967}.Debug|Any CPU.Build.0 = Debug|Any CPU
		{992CF5E5-2DCA-4BA3-98D5-AE3245524967}.Release|Any CPU.ActiveCfg = Release|Any CPU
		{992CF5E5-2DCA-4BA3-98D5-AE3245524967}.Release|Any CPU.Build.0 = Release|Any CPU
		{F034EFBE-A3F8-4E15-A586-29511894EEFB}.Debug|Any CPU.ActiveCfg = Debug|Any CPU
		{F034EFBE-A3F8-4E15-A586-29511894EEFB}.Debug|Any CPU.Build.0 = Debug|Any CPU
		{F034EFBE-A3F8-4E15-A586-29511894EEFB}.Release|Any CPU.ActiveCfg = Release|Any CPU
		{F034EFBE-A3F8-4E15-A586-29511894EEFB}.Release|Any CPU.Build.0 = Release|Any CPU
		{79A25838-7BB5-4671-A8DC-EA8BF41490D5}.Debug|Any CPU.ActiveCfg = Debug|Any CPU
		{79A25838-7BB5-4671-A8DC-EA8BF41490D5}.Debug|Any CPU.Build.0 = Debug|Any CPU
		{79A25838-7BB5-4671-A8DC-EA8BF41490D5}.Release|Any CPU.ActiveCfg = Release|Any CPU
		{79A25838-7BB5-4671-A8DC-EA8BF41490D5}.Release|Any CPU.Build.0 = Release|Any CPU
	EndGlobalSection
	GlobalSection(SolutionProperties) = preSolution
		HideSolutionNode = FALSE
	EndGlobalSection
	GlobalSection(ExtensibilityGlobals) = postSolution
		SolutionGuid = {25214299-8EA5-42C0-9E21-608BEDAF1FC2}
	EndGlobalSection
EndGlobal
